
Microsoft Visual Studio Solution File, Format Version 12.00
# Visual Studio Version 17
VisualStudioVersion = 17.9.34728.123
MinimumVisualStudioVersion = 10.0.40219.1
Project("{9A19103F-16F7-4668-BE54-9A1E7A4F7556}") = "ToDoApp", "ToDoApp\ToDoApp.csproj", "{083ADE72-D6E8-4C1F-A44B-56E898208B15}"
EndProject
Project("{54A90642-561A-4BB1-A94E-469ADEE60C69}") = "reacttodoapp", "ReactToDoApp\reacttodoapp.esproj", "{4A14589C-E012-4CE9-BBF7-3E4E3D19EF34}"
EndProject
Global
	GlobalSection(SolutionConfigurationPlatforms) = preSolution
		Debug|Any CPU = Debug|Any CPU
		Release|Any CPU = Release|Any CPU
	EndGlobalSection
	GlobalSection(ProjectConfigurationPlatforms) = postSolution
		{083ADE72-D6E8-4C1F-A44B-56E898208B15}.Debug|Any CPU.ActiveCfg = Debug|Any CPU
		{083ADE72-D6E8-4C1F-A44B-56E898208B15}.Debug|Any CPU.Build.0 = Debug|Any CPU
		{083ADE72-D6E8-4C1F-A44B-56E898208B15}.Release|Any CPU.ActiveCfg = Release|Any CPU
		{083ADE72-D6E8-4C1F-A44B-56E898208B15}.Release|Any CPU.Build.0 = Release|Any CPU
		{4A14589C-E012-4CE9-BBF7-3E4E3D19EF34}.Debug|Any CPU.ActiveCfg = Debug|Any CPU
		{4A14589C-E012-4CE9-BBF7-3E4E3D19EF34}.Debug|Any CPU.Build.0 = Debug|Any CPU
		{4A14589C-E012-4CE9-BBF7-3E4E3D19EF34}.Debug|Any CPU.Deploy.0 = Debug|Any CPU
		{4A14589C-E012-4CE9-BBF7-3E4E3D19EF34}.Release|Any CPU.ActiveCfg = Release|Any CPU
		{4A14589C-E012-4CE9-BBF7-3E4E3D19EF34}.Release|Any CPU.Build.0 = Release|Any CPU
		{4A14589C-E012-4CE9-BBF7-3E4E3D19EF34}.Release|Any CPU.Deploy.0 = Release|Any CPU
	EndGlobalSection
	GlobalSection(SolutionProperties) = preSolution
		HideSolutionNode = FALSE
	EndGlobalSection
	GlobalSection(ExtensibilityGlobals) = postSolution
		SolutionGuid = {005F777C-FFBD-4203-9C80-FBF9BE86B6E1}
	EndGlobalSection
EndGlobal
